
Microsoft Visual Studio Solution File, Format Version 12.00
# Visual Studio 15
VisualStudioVersion = 15.0.27130.2026
MinimumVisualStudioVersion = 10.0.40219.1
Project("{9A19103F-16F7-4668-BE54-9A1E7A4F7556}") = "FitbitPush", "FitbitPush\FitbitPush.csproj", "{FF3C3B4A-29BD-44A9-B119-669A07807916}"
EndProject
Global
	GlobalSection(SolutionConfigurationPlatforms) = preSolution
		Debug|Any CPU = Debug|Any CPU
		Release|Any CPU = Release|Any CPU
	EndGlobalSection
	GlobalSection(ProjectConfigurationPlatforms) = postSolution
		{FF3C3B4A-29BD-44A9-B119-669A07807916}.Debug|Any CPU.ActiveCfg = Debug|Any CPU
		{FF3C3B4A-29BD-44A9-B119-669A07807916}.Debug|Any CPU.Build.0 = Debug|Any CPU
		{FF3C3B4A-29BD-44A9-B119-669A07807916}.Release|Any CPU.ActiveCfg = Release|Any CPU
		{FF3C3B4A-29BD-44A9-B119-669A07807916}.Release|Any CPU.Build.0 = Release|Any CPU
	EndGlobalSection
	GlobalSection(SolutionProperties) = preSolution
		HideSolutionNode = FALSE
	EndGlobalSection
	GlobalSection(ExtensibilityGlobals) = postSolution
		SolutionGuid = {A1D668AE-1F33-4C52-91E4-5A58EF706915}
	EndGlobalSection
EndGlobal
